
Microsoft Visual Studio Solution File, Format Version 12.00
# Visual Studio Version 16
VisualStudioVersion = 16.0.29728.190
MinimumVisualStudioVersion = 10.0.40219.1
Project("{FAE04EC0-301F-11D3-BF4B-00C04F79EFBC}") = "Aufgabe2_if-statements", "Aufgabe2_if-statements\Aufgabe2_if-statements.csproj", "{D7FF1F07-2D16-458F-A0EB-591514EE7607}"
EndProject
Global
	GlobalSection(SolutionConfigurationPlatforms) = preSolution
		Debug|Any CPU = Debug|Any CPU
		Release|Any CPU = Release|Any CPU
	EndGlobalSection
	GlobalSection(ProjectConfigurationPlatforms) = postSolution
		{D7FF1F07-2D16-458F-A0EB-591514EE7607}.Debug|Any CPU.ActiveCfg = Debug|Any CPU
		{D7FF1F07-2D16-458F-A0EB-591514EE7607}.Debug|Any CPU.Build.0 = Debug|Any CPU
		{D7FF1F07-2D16-458F-A0EB-591514EE7607}.Release|Any CPU.ActiveCfg = Release|Any CPU
		{D7FF1F07-2D16-458F-A0EB-591514EE7607}.Release|Any CPU.Build.0 = Release|Any CPU
	EndGlobalSection
	GlobalSection(SolutionProperties) = preSolution
		HideSolutionNode = FALSE
	EndGlobalSection
	GlobalSection(ExtensibilityGlobals) = postSolution
		SolutionGuid = {1ED2F8BF-1440-41BE-B076-548127C69CC1}
	EndGlobalSection
EndGlobal
